
Microsoft Visual Studio Solution File, Format Version 12.00
# Visual Studio Version 16
VisualStudioVersion = 16.0.28803.156
MinimumVisualStudioVersion = 10.0.40219.1
Project("{9A19103F-16F7-4668-BE54-9A1E7A4F7556}") = "Gibbed.Dunia.FileFormats", "projects\Gibbed.Dunia.FileFormats\Gibbed.Dunia.FileFormats.csproj", "{988AD1C4-1D56-4836-BE15-6D7044C3BAC5}"
EndProject
Project("{9A19103F-16F7-4668-BE54-9A1E7A4F7556}") = "Gibbed.Dunia.ConvertXml", "projects\Gibbed.Dunia.ConvertXml\Gibbed.Dunia.ConvertXml.csproj", "{CA60A421-31CF-4AFA-A64B-5620513EADC5}"
EndProject
Project("{9A19103F-16F7-4668-BE54-9A1E7A4F7556}") = "Gibbed.FarCry2.ConvertBinaryObject", "projects\Gibbed.FarCry2.ConvertBinaryObject\Gibbed.FarCry2.ConvertBinaryObject.csproj", "{3F0F4F12-4411-4450-8E1A-FCA022D48A92}"
EndProject
Project("{2150E333-8FDC-42A3-9474-1A3956D46DE8}") = "Misc", "Misc", "{F8979F47-BB0D-496B-8830-494EA278FA0B}"
EndProject
Project("{2150E333-8FDC-42A3-9474-1A3956D46DE8}") = "Dunia", "Dunia", "{415F849C-B8F4-4A5F-8356-B00D863BFD60}"
EndProject
Project("{9A19103F-16F7-4668-BE54-9A1E7A4F7556}") = "Gibbed.FarCry2.MapUnpack", "projects\Gibbed.FarCry2.MapUnpack\Gibbed.FarCry2.MapUnpack.csproj", "{7F3DDF92-8CF4-4AB8-927A-3F5E881DC096}"
EndProject
Project("{9A19103F-16F7-4668-BE54-9A1E7A4F7556}") = "Gibbed.FarCry2.FileFormats", "projects\Gibbed.FarCry2.FileFormats\Gibbed.FarCry2.FileFormats.csproj", "{D00F696F-BB28-463A-8BEE-EEB78D210AFF}"
EndProject
Project("{9A19103F-16F7-4668-BE54-9A1E7A4F7556}") = "Gibbed.FarCry2.MapPack", "projects\Gibbed.FarCry2.MapPack\Gibbed.FarCry2.MapPack.csproj", "{9EDCDC3E-562A-402A-A418-C1194CCCD6BE}"
EndProject
Project("{2150E333-8FDC-42A3-9474-1A3956D46DE8}") = "Far Cry 2", "Far Cry 2", "{4F8A9684-D55D-42DD-8355-533CE4AB56F4}"
EndProject
Project("{9A19103F-16F7-4668-BE54-9A1E7A4F7556}") = "Gibbed.IO", "projects\Gibbed.IO\Gibbed.IO.csproj", "{047857BA-DAA3-4CA7-AFB8-A1B082B28C6A}"
EndProject
Project("{9A19103F-16F7-4668-BE54-9A1E7A4F7556}") = "Gibbed.ProjectData", "projects\Gibbed.ProjectData\Gibbed.ProjectData.csproj", "{F27A289E-3376-4653-89F3-D19C1ECABF33}"
EndProject
Project("{9A19103F-16F7-4668-BE54-9A1E7A4F7556}") = "Gibbed.Squish", "projects\Gibbed.Squish\Gibbed.Squish.csproj", "{242D0738-AA4C-4C9C-A218-891A8F55559C}"
EndProject
Project("{9A19103F-16F7-4668-BE54-9A1E7A4F7556}") = "NDesk.Options", "projects\NDesk.Options\NDesk.Options.csproj", "{C98A6CD6-9422-4B35-8B7A-F520D75534D1}"
EndProject
Project("{9A19103F-16F7-4668-BE54-9A1E7A4F7556}") = "Gibbed.Dunia.Packing", "projects\Gibbed.Dunia.Packing\Gibbed.Dunia.Packing.csproj", "{46BBA1D1-6975-4DAE-888A-42BFAAC4E6D1}"
EndProject
Project("{9A19103F-16F7-4668-BE54-9A1E7A4F7556}") = "Gibbed.FarCry2.Pack", "projects\Gibbed.FarCry2.Pack\Gibbed.FarCry2.Pack.csproj", "{8EA1AA7F-073D-4898-9304-34596C89504C}"
EndProject
Project("{9A19103F-16F7-4668-BE54-9A1E7A4F7556}") = "Gibbed.FarCry2.Unpack", "projects\Gibbed.FarCry2.Unpack\Gibbed.FarCry2.Unpack.csproj", "{787BC718-C166-456B-BD83-9F85DAD9C3B5}"
EndProject
Project("{2150E333-8FDC-42A3-9474-1A3956D46DE8}") = "Far Cry 6", "Far Cry 6", "{43E64854-B4FE-42EE-A4CE-BAC671B40039}"
EndProject
Project("{9A19103F-16F7-4668-BE54-9A1E7A4F7556}") = "Gibbed.FarCry6.Pack", "projects\Gibbed.FarCry6.Pack\Gibbed.FarCry6.Pack.csproj", "{E533BC2D-330B-499D-B099-D3D8810673A1}"
EndProject
Project("{9A19103F-16F7-4668-BE54-9A1E7A4F7556}") = "Gibbed.FarCry6.Unpack", "projects\Gibbed.FarCry6.Unpack\Gibbed.FarCry6.Unpack.csproj", "{D136FBB3-66BF-46F7-AC27-739848D1DE17}"
EndProject
Project("{9A19103F-16F7-4668-BE54-9A1E7A4F7556}") = "Gibbed.FarCry2.Bootstrap", "projects\Gibbed.FarCry2.Bootstrap\Gibbed.FarCry2.Bootstrap.csproj", "{7094879E-7EED-45D9-A83B-60935B5D43F9}"
EndProject
Project("{9A19103F-16F7-4668-BE54-9A1E7A4F7556}") = "Gibbed.FarCry6.RebuildFileLists", "projects\Gibbed.FarCry6.RebuildFileLists\Gibbed.FarCry6.RebuildFileLists.csproj", "{EB9B94E0-FD39-4C4D-83E4-C5EB9C61C111}"
EndProject
Project("{9A19103F-16F7-4668-BE54-9A1E7A4F7556}") = "Gibbed.FarCry2.RebuildFileLists", "projects\Gibbed.FarCry2.RebuildFileLists\Gibbed.FarCry2.RebuildFileLists.csproj", "{272EB33A-A976-477B-815F-FBB753A6B6B9}"
EndProject
Project("{2150E333-8FDC-42A3-9474-1A3956D46DE8}") = "Far Cry 5", "Far Cry 5", "{75C33070-CDFB-423E-9A28-A2035721AF85}"
EndProject
Project("{9A19103F-16F7-4668-BE54-9A1E7A4F7556}") = "Gibbed.FarCry5.Pack", "projects\Gibbed.FarCry5.Pack\Gibbed.FarCry5.Pack.csproj", "{4BDBA6A0-0B80-43D7-BE1C-48F54260972B}"
EndProject
Project("{9A19103F-16F7-4668-BE54-9A1E7A4F7556}") = "Gibbed.FarCry5.RebuildFileLists", "projects\Gibbed.FarCry5.RebuildFileLists\Gibbed.FarCry5.RebuildFileLists.csproj", "{B006DA85-49CC-4243-B7D8-1C9D9F974D53}"
EndProject
Project("{9A19103F-16F7-4668-BE54-9A1E7A4F7556}") = "Gibbed.FarCry5.Unpack", "projects\Gibbed.FarCry5.Unpack\Gibbed.FarCry5.Unpack.csproj", "{88FB2349-5D40-4C26-98A2-F9DDCA603BDF}"
EndProject
Project("{2150E333-8FDC-42A3-9474-1A3956D46DE8}") = "Games", "Games", "{A6A06F66-21FF-4F84-A4F3-0ADD92AD0F89}"
EndProject
Project("{2150E333-8FDC-42A3-9474-1A3956D46DE8}") = "Far Cry New Dawn", "Far Cry New Dawn", "{57BACEAA-56B1-4774-94C6-0BF2FC5FBC89}"
EndProject
Project("{9A19103F-16F7-4668-BE54-9A1E7A4F7556}") = "Gibbed.FarCryNewDawn.Pack", "projects\Gibbed.FarCryNewDawn.Pack\Gibbed.FarCryNewDawn.Pack.csproj", "{6DB37742-DFCA-462B-AAA0-9D72719E7AAA}"
EndProject
Project("{9A19103F-16F7-4668-BE54-9A1E7A4F7556}") = "Gibbed.FarCryNewDawn.RebuildFileLists", "projects\Gibbed.FarCryNewDawn.RebuildFileLists\Gibbed.FarCryNewDawn.RebuildFileLists.csproj", "{5A5583BF-3261-4AC5-B03B-D85B8A8B6EC1}"
EndProject
Project("{9A19103F-16F7-4668-BE54-9A1E7A4F7556}") = "Gibbed.FarCryNewDawn.Unpack", "projects\Gibbed.FarCryNewDawn.Unpack\Gibbed.FarCryNewDawn.Unpack.csproj", "{701C6A89-DABB-4DDB-B46B-0217363B1BA5}"
EndProject
Project("{2150E333-8FDC-42A3-9474-1A3956D46DE8}") = "Far Cry Primal", "Far Cry Primal", "{12E01168-3C6F-46CF-AF9D-D1979B09AC7A}"
EndProject
Project("{9A19103F-16F7-4668-BE54-9A1E7A4F7556}") = "Gibbed.FarCryPrimal.Unpack", "projects\Gibbed.FarCryPrimal.Unpack\Gibbed.FarCryPrimal.Unpack.csproj", "{B1F46A93-47AA-4034-A4B5-24C7E6484D91}"
EndProject
Project("{9A19103F-16F7-4668-BE54-9A1E7A4F7556}") = "Gibbed.FarCryPrimal.RebuildFileLists", "projects\Gibbed.FarCryPrimal.RebuildFileLists\Gibbed.FarCryPrimal.RebuildFileLists.csproj", "{494A5E00-677F-4713-ACFF-905E96535280}"
EndProject
Project("{9A19103F-16F7-4668-BE54-9A1E7A4F7556}") = "Gibbed.FarCryPrimal.Pack", "projects\Gibbed.FarCryPrimal.Pack\Gibbed.FarCryPrimal.Pack.csproj", "{262A905D-0D06-4B16-8945-1B96FFB8C108}"
EndProject
Global
	GlobalSection(SolutionConfigurationPlatforms) = preSolution
		Debug|Any CPU = Debug|Any CPU
		Release|Any CPU = Release|Any CPU
	EndGlobalSection
	GlobalSection(ProjectConfigurationPlatforms) = postSolution
		{988AD1C4-1D56-4836-BE15-6D7044C3BAC5}.Debug|Any CPU.ActiveCfg = Debug|Any CPU
		{988AD1C4-1D56-4836-BE15-6D7044C3BAC5}.Debug|Any CPU.Build.0 = Debug|Any CPU
		{988AD1C4-1D56-4836-BE15-6D7044C3BAC5}.Release|Any CPU.ActiveCfg = Release|Any CPU
		{988AD1C4-1D56-4836-BE15-6D7044C3BAC5}.Release|Any CPU.Build.0 = Release|Any CPU
		{CA60A421-31CF-4AFA-A64B-5620513EADC5}.Debug|Any CPU.ActiveCfg = Debug|Any CPU
		{CA60A421-31CF-4AFA-A64B-5620513EADC5}.Debug|Any CPU.Build.0 = Debug|Any CPU
		{CA60A421-31CF-4AFA-A64B-5620513EADC5}.Release|Any CPU.ActiveCfg = Release|Any CPU
		{CA60A421-31CF-4AFA-A64B-5620513EADC5}.Release|Any CPU.Build.0 = Release|Any CPU
		{3F0F4F12-4411-4450-8E1A-FCA022D48A92}.Debug|Any CPU.ActiveCfg = Debug|Any CPU
		{3F0F4F12-4411-4450-8E1A-FCA022D48A92}.Debug|Any CPU.Build.0 = Debug|Any CPU
		{3F0F4F12-4411-4450-8E1A-FCA022D48A92}.Release|Any CPU.ActiveCfg = Release|Any CPU
		{3F0F4F12-4411-4450-8E1A-FCA022D48A92}.Release|Any CPU.Build.0 = Release|Any CPU
		{7F3DDF92-8CF4-4AB8-927A-3F5E881DC096}.Debug|Any CPU.ActiveCfg = Debug|Any CPU
		{7F3DDF92-8CF4-4AB8-927A-3F5E881DC096}.Debug|Any CPU.Build.0 = Debug|Any CPU
		{7F3DDF92-8CF4-4AB8-927A-3F5E881DC096}.Release|Any CPU.ActiveCfg = Release|Any CPU
		{7F3DDF92-8CF4-4AB8-927A-3F5E881DC096}.Release|Any CPU.Build.0 = Release|Any CPU
		{D00F696F-BB28-463A-8BEE-EEB78D210AFF}.Debug|Any CPU.ActiveCfg = Debug|Any CPU
		{D00F696F-BB28-463A-8BEE-EEB78D210AFF}.Debug|Any CPU.Build.0 = Debug|Any CPU
		{D00F696F-BB28-463A-8BEE-EEB78D210AFF}.Release|Any CPU.ActiveCfg = Release|Any CPU
		{D00F696F-BB28-463A-8BEE-EEB78D210AFF}.Release|Any CPU.Build.0 = Release|Any CPU
		{9EDCDC3E-562A-402A-A418-C1194CCCD6BE}.Debug|Any CPU.ActiveCfg = Debug|Any CPU
		{9EDCDC3E-562A-402A-A418-C1194CCCD6BE}.Debug|Any CPU.Build.0 = Debug|Any CPU
		{9EDCDC3E-562A-402A-A418-C1194CCCD6BE}.Release|Any CPU.ActiveCfg = Release|Any CPU
		{9EDCDC3E-562A-402A-A418-C1194CCCD6BE}.Release|Any CPU.Build.0 = Release|Any CPU
		{047857BA-DAA3-4CA7-AFB8-A1B082B28C6A}.Debug|Any CPU.ActiveCfg = Debug|Any CPU
		{047857BA-DAA3-4CA7-AFB8-A1B082B28C6A}.Debug|Any CPU.Build.0 = Debug|Any CPU
		{047857BA-DAA3-4CA7-AFB8-A1B082B28C6A}.Release|Any CPU.ActiveCfg = Release|Any CPU
		{047857BA-DAA3-4CA7-AFB8-A1B082B28C6A}.Release|Any CPU.Build.0 = Release|Any CPU
		{F27A289E-3376-4653-89F3-D19C1ECABF33}.Debug|Any CPU.ActiveCfg = Debug|Any CPU
		{F27A289E-3376-4653-89F3-D19C1ECABF33}.Debug|Any CPU.Build.0 = Debug|Any CPU
		{F27A289E-3376-4653-89F3-D19C1ECABF33}.Release|Any CPU.ActiveCfg = Release|Any CPU
		{F27A289E-3376-4653-89F3-D19C1ECABF33}.Release|Any CPU.Build.0 = Release|Any CPU
		{242D0738-AA4C-4C9C-A218-891A8F55559C}.Debug|Any CPU.ActiveCfg = Debug|Any CPU
		{242D0738-AA4C-4C9C-A218-891A8F55559C}.Debug|Any CPU.Build.0 = Debug|Any CPU
		{242D0738-AA4C-4C9C-A218-891A8F55559C}.Release|Any CPU.ActiveCfg = Release|Any CPU
		{242D0738-AA4C-4C9C-A218-891A8F55559C}.Release|Any CPU.Build.0 = Release|Any CPU
		{C98A6CD6-9422-4B35-8B7A-F520D75534D1}.Debug|Any CPU.ActiveCfg = Debug|Any CPU
		{C98A6CD6-9422-4B35-8B7A-F520D75534D1}.Debug|Any CPU.Build.0 = Debug|Any CPU
		{C98A6CD6-9422-4B35-8B7A-F520D75534D1}.Release|Any CPU.ActiveCfg = Release|Any CPU
		{C98A6CD6-9422-4B35-8B7A-F520D75534D1}.Release|Any CPU.Build.0 = Release|Any CPU
		{46BBA1D1-6975-4DAE-888A-42BFAAC4E6D1}.Debug|Any CPU.ActiveCfg = Debug|Any CPU
		{46BBA1D1-6975-4DAE-888A-42BFAAC4E6D1}.Debug|Any CPU.Build.0 = Debug|Any CPU
		{46BBA1D1-6975-4DAE-888A-42BFAAC4E6D1}.Release|Any CPU.ActiveCfg = Release|Any CPU
		{46BBA1D1-6975-4DAE-888A-42BFAAC4E6D1}.Release|Any CPU.Build.0 = Release|Any CPU
		{8EA1AA7F-073D-4898-9304-34596C89504C}.Debug|Any CPU.ActiveCfg = Debug|Any CPU
		{8EA1AA7F-073D-4898-9304-34596C89504C}.Debug|Any CPU.Build.0 = Debug|Any CPU
		{8EA1AA7F-073D-4898-9304-34596C89504C}.Release|Any CPU.ActiveCfg = Release|Any CPU
		{8EA1AA7F-073D-4898-9304-34596C89504C}.Release|Any CPU.Build.0 = Release|Any CPU
		{787BC718-C166-456B-BD83-9F85DAD9C3B5}.Debug|Any CPU.ActiveCfg = Debug|Any CPU
		{787BC718-C166-456B-BD83-9F85DAD9C3B5}.Debug|Any CPU.Build.0 = Debug|Any CPU
		{787BC718-C166-456B-BD83-9F85DAD9C3B5}.Release|Any CPU.ActiveCfg = Release|Any CPU
		{787BC718-C166-456B-BD83-9F85DAD9C3B5}.Release|Any CPU.Build.0 = Release|Any CPU
		{E533BC2D-330B-499D-B099-D3D8810673A1}.Debug|Any CPU.ActiveCfg = Debug|Any CPU
		{E533BC2D-330B-499D-B099-D3D8810673A1}.Debug|Any CPU.Build.0 = Debug|Any CPU
		{E533BC2D-330B-499D-B099-D3D8810673A1}.Release|Any CPU.ActiveCfg = Release|Any CPU
		{E533BC2D-330B-499D-B099-D3D8810673A1}.Release|Any CPU.Build.0 = Release|Any CPU
		{D136FBB3-66BF-46F7-AC27-739848D1DE17}.Debug|Any CPU.ActiveCfg = Debug|Any CPU
		{D136FBB3-66BF-46F7-AC27-739848D1DE17}.Debug|Any CPU.Build.0 = Debug|Any CPU
		{D136FBB3-66BF-46F7-AC27-739848D1DE17}.Release|Any CPU.ActiveCfg = Release|Any CPU
		{D136FBB3-66BF-46F7-AC27-739848D1DE17}.Release|Any CPU.Build.0 = Release|Any CPU
		{7094879E-7EED-45D9-A83B-60935B5D43F9}.Debug|Any CPU.ActiveCfg = Debug|Any CPU
		{7094879E-7EED-45D9-A83B-60935B5D43F9}.Debug|Any CPU.Build.0 = Debug|Any CPU
		{7094879E-7EED-45D9-A83B-60935B5D43F9}.Release|Any CPU.ActiveCfg = Release|Any CPU
		{7094879E-7EED-45D9-A83B-60935B5D43F9}.Release|Any CPU.Build.0 = Release|Any CPU
		{EB9B94E0-FD39-4C4D-83E4-C5EB9C61C111}.Debug|Any CPU.ActiveCfg = Debug|Any CPU
		{EB9B94E0-FD39-4C4D-83E4-C5EB9C61C111}.Debug|Any CPU.Build.0 = Debug|Any CPU
		{EB9B94E0-FD39-4C4D-83E4-C5EB9C61C111}.Release|Any CPU.ActiveCfg = Release|Any CPU
		{EB9B94E0-FD39-4C4D-83E4-C5EB9C61C111}.Release|Any CPU.Build.0 = Release|Any CPU
		{272EB33A-A976-477B-815F-FBB753A6B6B9}.Debug|Any CPU.ActiveCfg = Debug|Any CPU
		{272EB33A-A976-477B-815F-FBB753A6B6B9}.Debug|Any CPU.Build.0 = Debug|Any CPU
		{272EB33A-A976-477B-815F-FBB753A6B6B9}.Release|Any CPU.ActiveCfg = Release|Any CPU
		{272EB33A-A976-477B-815F-FBB753A6B6B9}.Release|Any CPU.Build.0 = Release|Any CPU
		{4BDBA6A0-0B80-43D7-BE1C-48F54260972B}.Debug|Any CPU.ActiveCfg = Debug|Any CPU
		{4BDBA6A0-0B80-43D7-BE1C-48F54260972B}.Debug|Any CPU.Build.0 = Debug|Any CPU
		{4BDBA6A0-0B80-43D7-BE1C-48F54260972B}.Release|Any CPU.ActiveCfg = Release|Any CPU
		{4BDBA6A0-0B80-43D7-BE1C-48F54260972B}.Release|Any CPU.Build.0 = Release|Any CPU
		{B006DA85-49CC-4243-B7D8-1C9D9F974D53}.Debug|Any CPU.ActiveCfg = Debug|Any CPU
		{B006DA85-49CC-4243-B7D8-1C9D9F974D53}.Debug|Any CPU.Build.0 = Debug|Any CPU
		{B006DA85-49CC-4243-B7D8-1C9D9F974D53}.Release|Any CPU.ActiveCfg = Release|Any CPU
		{B006DA85-49CC-4243-B7D8-1C9D9F974D53}.Release|Any CPU.Build.0 = Release|Any CPU
		{88FB2349-5D40-4C26-98A2-F9DDCA603BDF}.Debug|Any CPU.ActiveCfg = Debug|Any CPU
		{88FB2349-5D40-4C26-98A2-F9DDCA603BDF}.Debug|Any CPU.Build.0 = Debug|Any CPU
		{88FB2349-5D40-4C26-98A2-F9DDCA603BDF}.Release|Any CPU.ActiveCfg = Release|Any CPU
		{88FB2349-5D40-4C26-98A2-F9DDCA603BDF}.Release|Any CPU.Build.0 = Release|Any CPU
		{6DB37742-DFCA-462B-AAA0-9D72719E7AAA}.Debug|Any CPU.ActiveCfg = Debug|Any CPU
		{6DB37742-DFCA-462B-AAA0-9D72719E7AAA}.Debug|Any CPU.Build.0 = Debug|Any CPU
		{6DB37742-DFCA-462B-AAA0-9D72719E7AAA}.Release|Any CPU.ActiveCfg = Release|Any CPU
		{6DB37742-DFCA-462B-AAA0-9D72719E7AAA}.Release|Any CPU.Build.0 = Release|Any CPU
		{5A5583BF-3261-4AC5-B03B-D85B8A8B6EC1}.Debug|Any CPU.ActiveCfg = Debug|Any CPU
		{5A5583BF-3261-4AC5-B03B-D85B8A8B6EC1}.Debug|Any CPU.Build.0 = Debug|Any CPU
		{5A5583BF-3261-4AC5-B03B-D85B8A8B6EC1}.Release|Any CPU.ActiveCfg = Release|Any CPU
		{5A5583BF-3261-4AC5-B03B-D85B8A8B6EC1}.Release|Any CPU.Build.0 = Release|Any CPU
		{701C6A89-DABB-4DDB-B46B-0217363B1BA5}.Debug|Any CPU.ActiveCfg = Debug|Any CPU
		{701C6A89-DABB-4DDB-B46B-0217363B1BA5}.Debug|Any CPU.Build.0 = Debug|Any CPU
		{701C6A89-DABB-4DDB-B46B-0217363B1BA5}.Release|Any CPU.ActiveCfg = Release|Any CPU
		{701C6A89-DABB-4DDB-B46B-0217363B1BA5}.Release|Any CPU.Build.0 = Release|Any CPU
		{B1F46A93-47AA-4034-A4B5-24C7E6484D91}.Debug|Any CPU.ActiveCfg = Debug|Any CPU
		{B1F46A93-47AA-4034-A4B5-24C7E6484D91}.Debug|Any CPU.Build.0 = Debug|Any CPU
		{B1F46A93-47AA-4034-A4B5-24C7E6484D91}.Release|Any CPU.ActiveCfg = Release|Any CPU
		{B1F46A93-47AA-4034-A4B5-24C7E6484D91}.Release|Any CPU.Build.0 = Release|Any CPU
		{494A5E00-677F-4713-ACFF-905E96535280}.Debug|Any CPU.ActiveCfg = Debug|Any CPU
		{494A5E00-677F-4713-ACFF-905E96535280}.Debug|Any CPU.Build.0 = Debug|Any CPU
		{494A5E00-677F-4713-ACFF-905E96535280}.Release|Any CPU.ActiveCfg = Release|Any CPU
		{494A5E00-677F-4713-ACFF-905E96535280}.Release|Any CPU.Build.0 = Release|Any CPU
		{262A905D-0D06-4B16-8945-1B96FFB8C108}.Debug|Any CPU.ActiveCfg = Debug|Any CPU
		{262A905D-0D06-4B16-8945-1B96FFB8C108}.Debug|Any CPU.Build.0 = Debug|Any CPU
		{262A905D-0D06-4B16-8945-1B96FFB8C108}.Release|Any CPU.ActiveCfg = Release|Any CPU
		{262A905D-0D06-4B16-8945-1B96FFB8C108}.Release|Any CPU.Build.0 = Release|Any CPU
	EndGlobalSection
	GlobalSection(SolutionProperties) = preSolution
		HideSolutionNode = FALSE
	EndGlobalSection
	GlobalSection(NestedProjects) = preSolution
		{988AD1C4-1D56-4836-BE15-6D7044C3BAC5} = {415F849C-B8F4-4A5F-8356-B00D863BFD60}
		{CA60A421-31CF-4AFA-A64B-5620513EADC5} = {415F849C-B8F4-4A5F-8356-B00D863BFD60}
		{3F0F4F12-4411-4450-8E1A-FCA022D48A92} = {4F8A9684-D55D-42DD-8355-533CE4AB56F4}
		{7F3DDF92-8CF4-4AB8-927A-3F5E881DC096} = {4F8A9684-D55D-42DD-8355-533CE4AB56F4}
		{D00F696F-BB28-463A-8BEE-EEB78D210AFF} = {4F8A9684-D55D-42DD-8355-533CE4AB56F4}
		{9EDCDC3E-562A-402A-A418-C1194CCCD6BE} = {4F8A9684-D55D-42DD-8355-533CE4AB56F4}
		{4F8A9684-D55D-42DD-8355-533CE4AB56F4} = {A6A06F66-21FF-4F84-A4F3-0ADD92AD0F89}
		{047857BA-DAA3-4CA7-AFB8-A1B082B28C6A} = {F8979F47-BB0D-496B-8830-494EA278FA0B}
		{F27A289E-3376-4653-89F3-D19C1ECABF33} = {F8979F47-BB0D-496B-8830-494EA278FA0B}
		{242D0738-AA4C-4C9C-A218-891A8F55559C} = {F8979F47-BB0D-496B-8830-494EA278FA0B}
		{C98A6CD6-9422-4B35-8B7A-F520D75534D1} = {F8979F47-BB0D-496B-8830-494EA278FA0B}
		{46BBA1D1-6975-4DAE-888A-42BFAAC4E6D1} = {415F849C-B8F4-4A5F-8356-B00D863BFD60}
		{8EA1AA7F-073D-4898-9304-34596C89504C} = {4F8A9684-D55D-42DD-8355-533CE4AB56F4}
		{787BC718-C166-456B-BD83-9F85DAD9C3B5} = {4F8A9684-D55D-42DD-8355-533CE4AB56F4}
		{43E64854-B4FE-42EE-A4CE-BAC671B40039} = {A6A06F66-21FF-4F84-A4F3-0ADD92AD0F89}
		{E533BC2D-330B-499D-B099-D3D8810673A1} = {43E64854-B4FE-42EE-A4CE-BAC671B40039}
		{D136FBB3-66BF-46F7-AC27-739848D1DE17} = {43E64854-B4FE-42EE-A4CE-BAC671B40039}
		{7094879E-7EED-45D9-A83B-60935B5D43F9} = {4F8A9684-D55D-42DD-8355-533CE4AB56F4}
		{EB9B94E0-FD39-4C4D-83E4-C5EB9C61C111} = {43E64854-B4FE-42EE-A4CE-BAC671B40039}
		{272EB33A-A976-477B-815F-FBB753A6B6B9} = {4F8A9684-D55D-42DD-8355-533CE4AB56F4}
		{75C33070-CDFB-423E-9A28-A2035721AF85} = {A6A06F66-21FF-4F84-A4F3-0ADD92AD0F89}
		{4BDBA6A0-0B80-43D7-BE1C-48F54260972B} = {75C33070-CDFB-423E-9A28-A2035721AF85}
		{B006DA85-49CC-4243-B7D8-1C9D9F974D53} = {75C33070-CDFB-423E-9A28-A2035721AF85}
		{88FB2349-5D40-4C26-98A2-F9DDCA603BDF} = {75C33070-CDFB-423E-9A28-A2035721AF85}
		{57BACEAA-56B1-4774-94C6-0BF2FC5FBC89} = {A6A06F66-21FF-4F84-A4F3-0ADD92AD0F89}
		{6DB37742-DFCA-462B-AAA0-9D72719E7AAA} = {57BACEAA-56B1-4774-94C6-0BF2FC5FBC89}
		{5A5583BF-3261-4AC5-B03B-D85B8A8B6EC1} = {57BACEAA-56B1-4774-94C6-0BF2FC5FBC89}
		{701C6A89-DABB-4DDB-B46B-0217363B1BA5} = {57BACEAA-56B1-4774-94C6-0BF2FC5FBC89}
		{12E01168-3C6F-46CF-AF9D-D1979B09AC7A} = {A6A06F66-21FF-4F84-A4F3-0ADD92AD0F89}
		{B1F46A93-47AA-4034-A4B5-24C7E6484D91} = {12E01168-3C6F-46CF-AF9D-D1979B09AC7A}
		{494A5E00-677F-4713-ACFF-905E96535280} = {12E01168-3C6F-46CF-AF9D-D1979B09AC7A}
		{262A905D-0D06-4B16-8945-1B96FFB8C108} = {12E01168-3C6F-46CF-AF9D-D1979B09AC7A}
	EndGlobalSection
	GlobalSection(ExtensibilityGlobals) = postSolution
		SolutionGuid = {96768FCA-D0BA-47A5-AB37-CB1CA88C53AA}
	EndGlobalSection
EndGlobal
