
Microsoft Visual Studio Solution File, Format Version 12.00
# Visual Studio Version 16
VisualStudioVersion = 16.0.28803.156
MinimumVisualStudioVersion = 10.0.40219.1
Project("{9A19103F-16F7-4668-BE54-9A1E7A4F7556}") = "Gibbed.Dunia.FileFormats", "projects\Gibbed.Dunia.FileFormats\Gibbed.Dunia.FileFormats.csproj", "{988AD1C4-1D56-4836-BE15-6D7044C3BAC5}"
EndProject
Project("{9A19103F-16F7-4668-BE54-9A1E7A4F7556}") = "Gibbed.Dunia.ConvertXml", "projects\Gibbed.Dunia.ConvertXml\Gibbed.Dunia.ConvertXml.csproj", "{CA60A421-31CF-4AFA-A64B-5620513EADC5}"
EndProject
Project("{9A19103F-16F7-4668-BE54-9A1E7A4F7556}") = "Gibbed.Dunia.ConvertBinary", "projects\Gibbed.Dunia.ConvertBinary\Gibbed.Dunia.ConvertBinary.csproj", "{3F0F4F12-4411-4450-8E1A-FCA022D48A92}"
EndProject
Project("{2150E333-8FDC-42A3-9474-1A3956D46DE8}") = "Misc", "Misc", "{F8979F47-BB0D-496B-8830-494EA278FA0B}"
EndProject
Project("{2150E333-8FDC-42A3-9474-1A3956D46DE8}") = "Dunia", "Dunia", "{415F849C-B8F4-4A5F-8356-B00D863BFD60}"
EndProject
Project("{9A19103F-16F7-4668-BE54-9A1E7A4F7556}") = "Gibbed.FarCry2.MapUnpack", "projects\Gibbed.FarCry2.MapUnpack\Gibbed.FarCry2.MapUnpack.csproj", "{7F3DDF92-8CF4-4AB8-927A-3F5E881DC096}"
EndProject
Project("{9A19103F-16F7-4668-BE54-9A1E7A4F7556}") = "Gibbed.FarCry2.FileFormats", "projects\Gibbed.FarCry2.FileFormats\Gibbed.FarCry2.FileFormats.csproj", "{D00F696F-BB28-463A-8BEE-EEB78D210AFF}"
EndProject
Project("{9A19103F-16F7-4668-BE54-9A1E7A4F7556}") = "Gibbed.FarCry2.MapPack", "projects\Gibbed.FarCry2.MapPack\Gibbed.FarCry2.MapPack.csproj", "{9EDCDC3E-562A-402A-A418-C1194CCCD6BE}"
EndProject
Project("{2150E333-8FDC-42A3-9474-1A3956D46DE8}") = "Far Cry 2", "Far Cry 2", "{4F8A9684-D55D-42DD-8355-533CE4AB56F4}"
EndProject
Project("{9A19103F-16F7-4668-BE54-9A1E7A4F7556}") = "Gibbed.IO", "projects\Gibbed.IO\Gibbed.IO.csproj", "{047857BA-DAA3-4CA7-AFB8-A1B082B28C6A}"
EndProject
Project("{9A19103F-16F7-4668-BE54-9A1E7A4F7556}") = "Gibbed.ProjectData", "projects\Gibbed.ProjectData\Gibbed.ProjectData.csproj", "{F27A289E-3376-4653-89F3-D19C1ECABF33}"
EndProject
Project("{9A19103F-16F7-4668-BE54-9A1E7A4F7556}") = "Gibbed.Squish", "projects\Gibbed.Squish\Gibbed.Squish.csproj", "{242D0738-AA4C-4C9C-A218-891A8F55559C}"
EndProject
Project("{9A19103F-16F7-4668-BE54-9A1E7A4F7556}") = "NDesk.Options", "projects\NDesk.Options\NDesk.Options.csproj", "{C98A6CD6-9422-4B35-8B7A-F520D75534D1}"
EndProject
Project("{9A19103F-16F7-4668-BE54-9A1E7A4F7556}") = "Gibbed.Dunia.Packing", "projects\Gibbed.Dunia.Packing\Gibbed.Dunia.Packing.csproj", "{46BBA1D1-6975-4DAE-888A-42BFAAC4E6D1}"
EndProject
Project("{9A19103F-16F7-4668-BE54-9A1E7A4F7556}") = "Gibbed.FarCry2.Pack", "projects\Gibbed.FarCry2.Pack\Gibbed.FarCry2.Pack.csproj", "{8EA1AA7F-073D-4898-9304-34596C89504C}"
EndProject
Project("{9A19103F-16F7-4668-BE54-9A1E7A4F7556}") = "Gibbed.FarCry2.Unpack", "projects\Gibbed.FarCry2.Unpack\Gibbed.FarCry2.Unpack.csproj", "{787BC718-C166-456B-BD83-9F85DAD9C3B5}"
EndProject
Project("{2150E333-8FDC-42A3-9474-1A3956D46DE8}") = "Far Cry 6", "Far Cry 6", "{43E64854-B4FE-42EE-A4CE-BAC671B40039}"
EndProject
Project("{9A19103F-16F7-4668-BE54-9A1E7A4F7556}") = "Gibbed.FarCry6.Pack", "projects\Gibbed.FarCry6.Pack\Gibbed.FarCry6.Pack.csproj", "{E533BC2D-330B-499D-B099-D3D8810673A1}"
EndProject
Project("{9A19103F-16F7-4668-BE54-9A1E7A4F7556}") = "Gibbed.FarCry6.Unpack", "projects\Gibbed.FarCry6.Unpack\Gibbed.FarCry6.Unpack.csproj", "{D136FBB3-66BF-46F7-AC27-739848D1DE17}"
EndProject
Project("{9A19103F-16F7-4668-BE54-9A1E7A4F7556}") = "Gibbed.FarCry2.Bootstrap", "projects\Gibbed.FarCry2.Bootstrap\Gibbed.FarCry2.Bootstrap.csproj", "{7094879E-7EED-45D9-A83B-60935B5D43F9}"
EndProject
Project("{9A19103F-16F7-4668-BE54-9A1E7A4F7556}") = "Gibbed.FarCry6.RebuildFileLists", "projects\Gibbed.FarCry6.RebuildFileLists\Gibbed.FarCry6.RebuildFileLists.csproj", "{EB9B94E0-FD39-4C4D-83E4-C5EB9C61C111}"
EndProject
Project("{9A19103F-16F7-4668-BE54-9A1E7A4F7556}") = "Gibbed.FarCry2.RebuildFileLists", "projects\Gibbed.FarCry2.RebuildFileLists\Gibbed.FarCry2.RebuildFileLists.csproj", "{272EB33A-A976-477B-815F-FBB753A6B6B9}"
EndProject
Global
	GlobalSection(SolutionConfigurationPlatforms) = preSolution
		Debug|Any CPU = Debug|Any CPU
		Release|Any CPU = Release|Any CPU
	EndGlobalSection
	GlobalSection(ProjectConfigurationPlatforms) = postSolution
		{988AD1C4-1D56-4836-BE15-6D7044C3BAC5}.Debug|Any CPU.ActiveCfg = Debug|Any CPU
		{988AD1C4-1D56-4836-BE15-6D7044C3BAC5}.Debug|Any CPU.Build.0 = Debug|Any CPU
		{988AD1C4-1D56-4836-BE15-6D7044C3BAC5}.Release|Any CPU.ActiveCfg = Release|Any CPU
		{988AD1C4-1D56-4836-BE15-6D7044C3BAC5}.Release|Any CPU.Build.0 = Release|Any CPU
		{CA60A421-31CF-4AFA-A64B-5620513EADC5}.Debug|Any CPU.ActiveCfg = Debug|Any CPU
		{CA60A421-31CF-4AFA-A64B-5620513EADC5}.Debug|Any CPU.Build.0 = Debug|Any CPU
		{CA60A421-31CF-4AFA-A64B-5620513EADC5}.Release|Any CPU.ActiveCfg = Release|Any CPU
		{CA60A421-31CF-4AFA-A64B-5620513EADC5}.Release|Any CPU.Build.0 = Release|Any CPU
		{3F0F4F12-4411-4450-8E1A-FCA022D48A92}.Debug|Any CPU.ActiveCfg = Debug|Any CPU
		{3F0F4F12-4411-4450-8E1A-FCA022D48A92}.Debug|Any CPU.Build.0 = Debug|Any CPU
		{3F0F4F12-4411-4450-8E1A-FCA022D48A92}.Release|Any CPU.ActiveCfg = Release|Any CPU
		{3F0F4F12-4411-4450-8E1A-FCA022D48A92}.Release|Any CPU.Build.0 = Release|Any CPU
		{7F3DDF92-8CF4-4AB8-927A-3F5E881DC096}.Debug|Any CPU.ActiveCfg = Debug|Any CPU
		{7F3DDF92-8CF4-4AB8-927A-3F5E881DC096}.Debug|Any CPU.Build.0 = Debug|Any CPU
		{7F3DDF92-8CF4-4AB8-927A-3F5E881DC096}.Release|Any CPU.ActiveCfg = Release|Any CPU
		{7F3DDF92-8CF4-4AB8-927A-3F5E881DC096}.Release|Any CPU.Build.0 = Release|Any CPU
		{D00F696F-BB28-463A-8BEE-EEB78D210AFF}.Debug|Any CPU.ActiveCfg = Debug|Any CPU
		{D00F696F-BB28-463A-8BEE-EEB78D210AFF}.Debug|Any CPU.Build.0 = Debug|Any CPU
		{D00F696F-BB28-463A-8BEE-EEB78D210AFF}.Release|Any CPU.ActiveCfg = Release|Any CPU
		{D00F696F-BB28-463A-8BEE-EEB78D210AFF}.Release|Any CPU.Build.0 = Release|Any CPU
		{9EDCDC3E-562A-402A-A418-C1194CCCD6BE}.Debug|Any CPU.ActiveCfg = Debug|Any CPU
		{9EDCDC3E-562A-402A-A418-C1194CCCD6BE}.Debug|Any CPU.Build.0 = Debug|Any CPU
		{9EDCDC3E-562A-402A-A418-C1194CCCD6BE}.Release|Any CPU.ActiveCfg = Release|Any CPU
		{9EDCDC3E-562A-402A-A418-C1194CCCD6BE}.Release|Any CPU.Build.0 = Release|Any CPU
		{047857BA-DAA3-4CA7-AFB8-A1B082B28C6A}.Debug|Any CPU.ActiveCfg = Debug|Any CPU
		{047857BA-DAA3-4CA7-AFB8-A1B082B28C6A}.Debug|Any CPU.Build.0 = Debug|Any CPU
		{047857BA-DAA3-4CA7-AFB8-A1B082B28C6A}.Release|Any CPU.ActiveCfg = Release|Any CPU
		{047857BA-DAA3-4CA7-AFB8-A1B082B28C6A}.Release|Any CPU.Build.0 = Release|Any CPU
		{F27A289E-3376-4653-89F3-D19C1ECABF33}.Debug|Any CPU.ActiveCfg = Debug|Any CPU
		{F27A289E-3376-4653-89F3-D19C1ECABF33}.Debug|Any CPU.Build.0 = Debug|Any CPU
		{F27A289E-3376-4653-89F3-D19C1ECABF33}.Release|Any CPU.ActiveCfg = Release|Any CPU
		{F27A289E-3376-4653-89F3-D19C1ECABF33}.Release|Any CPU.Build.0 = Release|Any CPU
		{242D0738-AA4C-4C9C-A218-891A8F55559C}.Debug|Any CPU.ActiveCfg = Debug|Any CPU
		{242D0738-AA4C-4C9C-A218-891A8F55559C}.Debug|Any CPU.Build.0 = Debug|Any CPU
		{242D0738-AA4C-4C9C-A218-891A8F55559C}.Release|Any CPU.ActiveCfg = Release|Any CPU
		{242D0738-AA4C-4C9C-A218-891A8F55559C}.Release|Any CPU.Build.0 = Release|Any CPU
		{C98A6CD6-9422-4B35-8B7A-F520D75534D1}.Debug|Any CPU.ActiveCfg = Debug|Any CPU
		{C98A6CD6-9422-4B35-8B7A-F520D75534D1}.Debug|Any CPU.Build.0 = Debug|Any CPU
		{C98A6CD6-9422-4B35-8B7A-F520D75534D1}.Release|Any CPU.ActiveCfg = Release|Any CPU
		{C98A6CD6-9422-4B35-8B7A-F520D75534D1}.Release|Any CPU.Build.0 = Release|Any CPU
		{46BBA1D1-6975-4DAE-888A-42BFAAC4E6D1}.Debug|Any CPU.ActiveCfg = Debug|Any CPU
		{46BBA1D1-6975-4DAE-888A-42BFAAC4E6D1}.Debug|Any CPU.Build.0 = Debug|Any CPU
		{46BBA1D1-6975-4DAE-888A-42BFAAC4E6D1}.Release|Any CPU.ActiveCfg = Release|Any CPU
		{46BBA1D1-6975-4DAE-888A-42BFAAC4E6D1}.Release|Any CPU.Build.0 = Release|Any CPU
		{8EA1AA7F-073D-4898-9304-34596C89504C}.Debug|Any CPU.ActiveCfg = Debug|Any CPU
		{8EA1AA7F-073D-4898-9304-34596C89504C}.Debug|Any CPU.Build.0 = Debug|Any CPU
		{8EA1AA7F-073D-4898-9304-34596C89504C}.Release|Any CPU.ActiveCfg = Release|Any CPU
		{8EA1AA7F-073D-4898-9304-34596C89504C}.Release|Any CPU.Build.0 = Release|Any CPU
		{787BC718-C166-456B-BD83-9F85DAD9C3B5}.Debug|Any CPU.ActiveCfg = Debug|Any CPU
		{787BC718-C166-456B-BD83-9F85DAD9C3B5}.Debug|Any CPU.Build.0 = Debug|Any CPU
		{787BC718-C166-456B-BD83-9F85DAD9C3B5}.Release|Any CPU.ActiveCfg = Release|Any CPU
		{787BC718-C166-456B-BD83-9F85DAD9C3B5}.Release|Any CPU.Build.0 = Release|Any CPU
		{E533BC2D-330B-499D-B099-D3D8810673A1}.Debug|Any CPU.ActiveCfg = Debug|Any CPU
		{E533BC2D-330B-499D-B099-D3D8810673A1}.Debug|Any CPU.Build.0 = Debug|Any CPU
		{E533BC2D-330B-499D-B099-D3D8810673A1}.Release|Any CPU.ActiveCfg = Release|Any CPU
		{E533BC2D-330B-499D-B099-D3D8810673A1}.Release|Any CPU.Build.0 = Release|Any CPU
		{D136FBB3-66BF-46F7-AC27-739848D1DE17}.Debug|Any CPU.ActiveCfg = Debug|Any CPU
		{D136FBB3-66BF-46F7-AC27-739848D1DE17}.Debug|Any CPU.Build.0 = Debug|Any CPU
		{D136FBB3-66BF-46F7-AC27-739848D1DE17}.Release|Any CPU.ActiveCfg = Release|Any CPU
		{D136FBB3-66BF-46F7-AC27-739848D1DE17}.Release|Any CPU.Build.0 = Release|Any CPU
		{7094879E-7EED-45D9-A83B-60935B5D43F9}.Debug|Any CPU.ActiveCfg = Debug|Any CPU
		{7094879E-7EED-45D9-A83B-60935B5D43F9}.Debug|Any CPU.Build.0 = Debug|Any CPU
		{7094879E-7EED-45D9-A83B-60935B5D43F9}.Release|Any CPU.ActiveCfg = Release|Any CPU
		{7094879E-7EED-45D9-A83B-60935B5D43F9}.Release|Any CPU.Build.0 = Release|Any CPU
		{EB9B94E0-FD39-4C4D-83E4-C5EB9C61C111}.Debug|Any CPU.ActiveCfg = Debug|Any CPU
		{EB9B94E0-FD39-4C4D-83E4-C5EB9C61C111}.Debug|Any CPU.Build.0 = Debug|Any CPU
		{EB9B94E0-FD39-4C4D-83E4-C5EB9C61C111}.Release|Any CPU.ActiveCfg = Release|Any CPU
		{EB9B94E0-FD39-4C4D-83E4-C5EB9C61C111}.Release|Any CPU.Build.0 = Release|Any CPU
		{272EB33A-A976-477B-815F-FBB753A6B6B9}.Debug|Any CPU.ActiveCfg = Debug|Any CPU
		{272EB33A-A976-477B-815F-FBB753A6B6B9}.Debug|Any CPU.Build.0 = Debug|Any CPU
		{272EB33A-A976-477B-815F-FBB753A6B6B9}.Release|Any CPU.ActiveCfg = Release|Any CPU
		{272EB33A-A976-477B-815F-FBB753A6B6B9}.Release|Any CPU.Build.0 = Release|Any CPU
	EndGlobalSection
	GlobalSection(SolutionProperties) = preSolution
		HideSolutionNode = FALSE
	EndGlobalSection
	GlobalSection(NestedProjects) = preSolution
		{988AD1C4-1D56-4836-BE15-6D7044C3BAC5} = {415F849C-B8F4-4A5F-8356-B00D863BFD60}
		{CA60A421-31CF-4AFA-A64B-5620513EADC5} = {415F849C-B8F4-4A5F-8356-B00D863BFD60}
		{3F0F4F12-4411-4450-8E1A-FCA022D48A92} = {415F849C-B8F4-4A5F-8356-B00D863BFD60}
		{7F3DDF92-8CF4-4AB8-927A-3F5E881DC096} = {4F8A9684-D55D-42DD-8355-533CE4AB56F4}
		{D00F696F-BB28-463A-8BEE-EEB78D210AFF} = {4F8A9684-D55D-42DD-8355-533CE4AB56F4}
		{9EDCDC3E-562A-402A-A418-C1194CCCD6BE} = {4F8A9684-D55D-42DD-8355-533CE4AB56F4}
		{047857BA-DAA3-4CA7-AFB8-A1B082B28C6A} = {F8979F47-BB0D-496B-8830-494EA278FA0B}
		{F27A289E-3376-4653-89F3-D19C1ECABF33} = {F8979F47-BB0D-496B-8830-494EA278FA0B}
		{242D0738-AA4C-4C9C-A218-891A8F55559C} = {F8979F47-BB0D-496B-8830-494EA278FA0B}
		{C98A6CD6-9422-4B35-8B7A-F520D75534D1} = {F8979F47-BB0D-496B-8830-494EA278FA0B}
		{46BBA1D1-6975-4DAE-888A-42BFAAC4E6D1} = {415F849C-B8F4-4A5F-8356-B00D863BFD60}
		{8EA1AA7F-073D-4898-9304-34596C89504C} = {4F8A9684-D55D-42DD-8355-533CE4AB56F4}
		{787BC718-C166-456B-BD83-9F85DAD9C3B5} = {4F8A9684-D55D-42DD-8355-533CE4AB56F4}
		{E533BC2D-330B-499D-B099-D3D8810673A1} = {43E64854-B4FE-42EE-A4CE-BAC671B40039}
		{D136FBB3-66BF-46F7-AC27-739848D1DE17} = {43E64854-B4FE-42EE-A4CE-BAC671B40039}
		{7094879E-7EED-45D9-A83B-60935B5D43F9} = {4F8A9684-D55D-42DD-8355-533CE4AB56F4}
		{EB9B94E0-FD39-4C4D-83E4-C5EB9C61C111} = {43E64854-B4FE-42EE-A4CE-BAC671B40039}
		{272EB33A-A976-477B-815F-FBB753A6B6B9} = {4F8A9684-D55D-42DD-8355-533CE4AB56F4}
	EndGlobalSection
	GlobalSection(ExtensibilityGlobals) = postSolution
		SolutionGuid = {96768FCA-D0BA-47A5-AB37-CB1CA88C53AA}
	EndGlobalSection
EndGlobal
