
Microsoft Visual Studio Solution File, Format Version 12.00
# Visual Studio Version 16
VisualStudioVersion = 16.0.28803.156
MinimumVisualStudioVersion = 10.0.40219.1
Project("{9A19103F-16F7-4668-BE54-9A1E7A4F7556}") = "Gibbed.Dunia.FileFormats", "projects\Gibbed.Dunia.FileFormats\Gibbed.Dunia.FileFormats.csproj", "{988AD1C4-1D56-4836-BE15-6D7044C3BAC5}"
EndProject
Project("{9A19103F-16F7-4668-BE54-9A1E7A4F7556}") = "Gibbed.Dunia.ConvertXml", "projects\Gibbed.Dunia.ConvertXml\Gibbed.Dunia.ConvertXml.csproj", "{CA60A421-31CF-4AFA-A64B-5620513EADC5}"
EndProject
Project("{9A19103F-16F7-4668-BE54-9A1E7A4F7556}") = "Gibbed.Dunia.Unpack", "projects\Gibbed.Dunia.Unpack\Gibbed.Dunia.Unpack.csproj", "{5BD9E6F5-C8AA-4DC9-80C8-A084E76CD3EB}"
EndProject
Project("{9A19103F-16F7-4668-BE54-9A1E7A4F7556}") = "RebuildFileLists", "projects\RebuildFileLists\RebuildFileLists.csproj", "{25A075AB-15FC-49B9-9FD9-D8AAE2A598FB}"
EndProject
Project("{9A19103F-16F7-4668-BE54-9A1E7A4F7556}") = "Gibbed.Dunia.Pack", "projects\Gibbed.Dunia.Pack\Gibbed.Dunia.Pack.csproj", "{029B98F4-A2C7-490D-8FFE-76540C827EA5}"
EndProject
Project("{9A19103F-16F7-4668-BE54-9A1E7A4F7556}") = "Gibbed.Dunia.ConvertBinary", "projects\Gibbed.Dunia.ConvertBinary\Gibbed.Dunia.ConvertBinary.csproj", "{3F0F4F12-4411-4450-8E1A-FCA022D48A92}"
EndProject
Project("{9A19103F-16F7-4668-BE54-9A1E7A4F7556}") = "MoveUnknowns", "projects\MoveUnknowns\MoveUnknowns.csproj", "{ABD265AD-4071-4114-93C4-3C9F2BB69009}"
EndProject
Project("{9A19103F-16F7-4668-BE54-9A1E7A4F7556}") = "DumpBinaryStrings", "projects\DumpBinaryStrings\DumpBinaryStrings.csproj", "{92FFCBB2-FE61-4BB2-B42A-569C55D460B8}"
EndProject
Project("{2150E333-8FDC-42A3-9474-1A3956D46DE8}") = "Tools", "Tools", "{BB9A2BE7-30A7-438B-A5B6-2EFEA808299F}"
EndProject
Project("{2150E333-8FDC-42A3-9474-1A3956D46DE8}") = "Misc", "Misc", "{F8979F47-BB0D-496B-8830-494EA278FA0B}"
EndProject
Project("{2150E333-8FDC-42A3-9474-1A3956D46DE8}") = "Misc", "Misc", "{5CD22D2F-40AA-4718-92A3-9CCEF3A163BF}"
EndProject
Project("{2150E333-8FDC-42A3-9474-1A3956D46DE8}") = "Dunia", "Dunia", "{415F849C-B8F4-4A5F-8356-B00D863BFD60}"
EndProject
Project("{9A19103F-16F7-4668-BE54-9A1E7A4F7556}") = "Gibbed.Dunia.ArchiveViewer", "projects\Gibbed.Dunia.ArchiveViewer\Gibbed.Dunia.ArchiveViewer.csproj", "{8D74E0D6-D218-4D9A-BC00-8CC20B3F55C8}"
EndProject
Project("{9A19103F-16F7-4668-BE54-9A1E7A4F7556}") = "Bootstrap", "projects\Bootstrap\Bootstrap.csproj", "{BF9CC1E1-92A7-405A-9AAF-DB71D6C03B3D}"
EndProject
Project("{9A19103F-16F7-4668-BE54-9A1E7A4F7556}") = "Gibbed.FarCry2.MapUnpack", "projects\Gibbed.FarCry2.MapUnpack\Gibbed.FarCry2.MapUnpack.csproj", "{7F3DDF92-8CF4-4AB8-927A-3F5E881DC096}"
EndProject
Project("{9A19103F-16F7-4668-BE54-9A1E7A4F7556}") = "Gibbed.FarCry2.FileFormats", "projects\Gibbed.FarCry2.FileFormats\Gibbed.FarCry2.FileFormats.csproj", "{D00F696F-BB28-463A-8BEE-EEB78D210AFF}"
EndProject
Project("{9A19103F-16F7-4668-BE54-9A1E7A4F7556}") = "Gibbed.FarCry2.MapPack", "projects\Gibbed.FarCry2.MapPack\Gibbed.FarCry2.MapPack.csproj", "{9EDCDC3E-562A-402A-A418-C1194CCCD6BE}"
EndProject
Project("{2150E333-8FDC-42A3-9474-1A3956D46DE8}") = "Far Cry 2", "Far Cry 2", "{4F8A9684-D55D-42DD-8355-533CE4AB56F4}"
EndProject
Project("{9A19103F-16F7-4668-BE54-9A1E7A4F7556}") = "Gibbed.IO", "projects\Gibbed.IO\Gibbed.IO.csproj", "{047857BA-DAA3-4CA7-AFB8-A1B082B28C6A}"
EndProject
Project("{9A19103F-16F7-4668-BE54-9A1E7A4F7556}") = "Gibbed.ProjectData", "projects\Gibbed.ProjectData\Gibbed.ProjectData.csproj", "{F27A289E-3376-4653-89F3-D19C1ECABF33}"
EndProject
Project("{9A19103F-16F7-4668-BE54-9A1E7A4F7556}") = "Gibbed.Squish", "projects\Gibbed.Squish\Gibbed.Squish.csproj", "{242D0738-AA4C-4C9C-A218-891A8F55559C}"
EndProject
Project("{9A19103F-16F7-4668-BE54-9A1E7A4F7556}") = "NDesk.Options", "projects\NDesk.Options\NDesk.Options.csproj", "{C98A6CD6-9422-4B35-8B7A-F520D75534D1}"
EndProject
Global
	GlobalSection(SolutionConfigurationPlatforms) = preSolution
		Debug|Any CPU = Debug|Any CPU
		Release|Any CPU = Release|Any CPU
	EndGlobalSection
	GlobalSection(ProjectConfigurationPlatforms) = postSolution
		{988AD1C4-1D56-4836-BE15-6D7044C3BAC5}.Debug|Any CPU.ActiveCfg = Debug|Any CPU
		{988AD1C4-1D56-4836-BE15-6D7044C3BAC5}.Debug|Any CPU.Build.0 = Debug|Any CPU
		{988AD1C4-1D56-4836-BE15-6D7044C3BAC5}.Release|Any CPU.ActiveCfg = Release|Any CPU
		{988AD1C4-1D56-4836-BE15-6D7044C3BAC5}.Release|Any CPU.Build.0 = Release|Any CPU
		{CA60A421-31CF-4AFA-A64B-5620513EADC5}.Debug|Any CPU.ActiveCfg = Debug|Any CPU
		{CA60A421-31CF-4AFA-A64B-5620513EADC5}.Debug|Any CPU.Build.0 = Debug|Any CPU
		{CA60A421-31CF-4AFA-A64B-5620513EADC5}.Release|Any CPU.ActiveCfg = Release|Any CPU
		{CA60A421-31CF-4AFA-A64B-5620513EADC5}.Release|Any CPU.Build.0 = Release|Any CPU
		{5BD9E6F5-C8AA-4DC9-80C8-A084E76CD3EB}.Debug|Any CPU.ActiveCfg = Debug|Any CPU
		{5BD9E6F5-C8AA-4DC9-80C8-A084E76CD3EB}.Debug|Any CPU.Build.0 = Debug|Any CPU
		{5BD9E6F5-C8AA-4DC9-80C8-A084E76CD3EB}.Release|Any CPU.ActiveCfg = Release|Any CPU
		{5BD9E6F5-C8AA-4DC9-80C8-A084E76CD3EB}.Release|Any CPU.Build.0 = Release|Any CPU
		{25A075AB-15FC-49B9-9FD9-D8AAE2A598FB}.Debug|Any CPU.ActiveCfg = Debug|Any CPU
		{25A075AB-15FC-49B9-9FD9-D8AAE2A598FB}.Debug|Any CPU.Build.0 = Debug|Any CPU
		{25A075AB-15FC-49B9-9FD9-D8AAE2A598FB}.Release|Any CPU.ActiveCfg = Release|Any CPU
		{25A075AB-15FC-49B9-9FD9-D8AAE2A598FB}.Release|Any CPU.Build.0 = Release|Any CPU
		{029B98F4-A2C7-490D-8FFE-76540C827EA5}.Debug|Any CPU.ActiveCfg = Debug|Any CPU
		{029B98F4-A2C7-490D-8FFE-76540C827EA5}.Debug|Any CPU.Build.0 = Debug|Any CPU
		{029B98F4-A2C7-490D-8FFE-76540C827EA5}.Release|Any CPU.ActiveCfg = Release|Any CPU
		{029B98F4-A2C7-490D-8FFE-76540C827EA5}.Release|Any CPU.Build.0 = Release|Any CPU
		{3F0F4F12-4411-4450-8E1A-FCA022D48A92}.Debug|Any CPU.ActiveCfg = Debug|Any CPU
		{3F0F4F12-4411-4450-8E1A-FCA022D48A92}.Debug|Any CPU.Build.0 = Debug|Any CPU
		{3F0F4F12-4411-4450-8E1A-FCA022D48A92}.Release|Any CPU.ActiveCfg = Release|Any CPU
		{3F0F4F12-4411-4450-8E1A-FCA022D48A92}.Release|Any CPU.Build.0 = Release|Any CPU
		{ABD265AD-4071-4114-93C4-3C9F2BB69009}.Debug|Any CPU.ActiveCfg = Debug|Any CPU
		{ABD265AD-4071-4114-93C4-3C9F2BB69009}.Debug|Any CPU.Build.0 = Debug|Any CPU
		{ABD265AD-4071-4114-93C4-3C9F2BB69009}.Release|Any CPU.ActiveCfg = Release|Any CPU
		{ABD265AD-4071-4114-93C4-3C9F2BB69009}.Release|Any CPU.Build.0 = Release|Any CPU
		{92FFCBB2-FE61-4BB2-B42A-569C55D460B8}.Debug|Any CPU.ActiveCfg = Debug|Any CPU
		{92FFCBB2-FE61-4BB2-B42A-569C55D460B8}.Debug|Any CPU.Build.0 = Debug|Any CPU
		{92FFCBB2-FE61-4BB2-B42A-569C55D460B8}.Release|Any CPU.ActiveCfg = Release|Any CPU
		{92FFCBB2-FE61-4BB2-B42A-569C55D460B8}.Release|Any CPU.Build.0 = Release|Any CPU
		{8D74E0D6-D218-4D9A-BC00-8CC20B3F55C8}.Debug|Any CPU.ActiveCfg = Debug|Any CPU
		{8D74E0D6-D218-4D9A-BC00-8CC20B3F55C8}.Debug|Any CPU.Build.0 = Debug|Any CPU
		{8D74E0D6-D218-4D9A-BC00-8CC20B3F55C8}.Release|Any CPU.ActiveCfg = Release|Any CPU
		{8D74E0D6-D218-4D9A-BC00-8CC20B3F55C8}.Release|Any CPU.Build.0 = Release|Any CPU
		{BF9CC1E1-92A7-405A-9AAF-DB71D6C03B3D}.Debug|Any CPU.ActiveCfg = Debug|Any CPU
		{BF9CC1E1-92A7-405A-9AAF-DB71D6C03B3D}.Debug|Any CPU.Build.0 = Debug|Any CPU
		{BF9CC1E1-92A7-405A-9AAF-DB71D6C03B3D}.Release|Any CPU.ActiveCfg = Release|Any CPU
		{BF9CC1E1-92A7-405A-9AAF-DB71D6C03B3D}.Release|Any CPU.Build.0 = Release|Any CPU
		{7F3DDF92-8CF4-4AB8-927A-3F5E881DC096}.Debug|Any CPU.ActiveCfg = Debug|Any CPU
		{7F3DDF92-8CF4-4AB8-927A-3F5E881DC096}.Debug|Any CPU.Build.0 = Debug|Any CPU
		{7F3DDF92-8CF4-4AB8-927A-3F5E881DC096}.Release|Any CPU.ActiveCfg = Release|Any CPU
		{7F3DDF92-8CF4-4AB8-927A-3F5E881DC096}.Release|Any CPU.Build.0 = Release|Any CPU
		{D00F696F-BB28-463A-8BEE-EEB78D210AFF}.Debug|Any CPU.ActiveCfg = Debug|Any CPU
		{D00F696F-BB28-463A-8BEE-EEB78D210AFF}.Debug|Any CPU.Build.0 = Debug|Any CPU
		{D00F696F-BB28-463A-8BEE-EEB78D210AFF}.Release|Any CPU.ActiveCfg = Release|Any CPU
		{D00F696F-BB28-463A-8BEE-EEB78D210AFF}.Release|Any CPU.Build.0 = Release|Any CPU
		{9EDCDC3E-562A-402A-A418-C1194CCCD6BE}.Debug|Any CPU.ActiveCfg = Debug|Any CPU
		{9EDCDC3E-562A-402A-A418-C1194CCCD6BE}.Debug|Any CPU.Build.0 = Debug|Any CPU
		{9EDCDC3E-562A-402A-A418-C1194CCCD6BE}.Release|Any CPU.ActiveCfg = Release|Any CPU
		{9EDCDC3E-562A-402A-A418-C1194CCCD6BE}.Release|Any CPU.Build.0 = Release|Any CPU
		{047857BA-DAA3-4CA7-AFB8-A1B082B28C6A}.Debug|Any CPU.ActiveCfg = Debug|Any CPU
		{047857BA-DAA3-4CA7-AFB8-A1B082B28C6A}.Debug|Any CPU.Build.0 = Debug|Any CPU
		{047857BA-DAA3-4CA7-AFB8-A1B082B28C6A}.Release|Any CPU.ActiveCfg = Release|Any CPU
		{047857BA-DAA3-4CA7-AFB8-A1B082B28C6A}.Release|Any CPU.Build.0 = Release|Any CPU
		{F27A289E-3376-4653-89F3-D19C1ECABF33}.Debug|Any CPU.ActiveCfg = Debug|Any CPU
		{F27A289E-3376-4653-89F3-D19C1ECABF33}.Debug|Any CPU.Build.0 = Debug|Any CPU
		{F27A289E-3376-4653-89F3-D19C1ECABF33}.Release|Any CPU.ActiveCfg = Release|Any CPU
		{F27A289E-3376-4653-89F3-D19C1ECABF33}.Release|Any CPU.Build.0 = Release|Any CPU
		{242D0738-AA4C-4C9C-A218-891A8F55559C}.Debug|Any CPU.ActiveCfg = Debug|Any CPU
		{242D0738-AA4C-4C9C-A218-891A8F55559C}.Debug|Any CPU.Build.0 = Debug|Any CPU
		{242D0738-AA4C-4C9C-A218-891A8F55559C}.Release|Any CPU.ActiveCfg = Release|Any CPU
		{242D0738-AA4C-4C9C-A218-891A8F55559C}.Release|Any CPU.Build.0 = Release|Any CPU
		{C98A6CD6-9422-4B35-8B7A-F520D75534D1}.Debug|Any CPU.ActiveCfg = Debug|Any CPU
		{C98A6CD6-9422-4B35-8B7A-F520D75534D1}.Debug|Any CPU.Build.0 = Debug|Any CPU
		{C98A6CD6-9422-4B35-8B7A-F520D75534D1}.Release|Any CPU.ActiveCfg = Release|Any CPU
		{C98A6CD6-9422-4B35-8B7A-F520D75534D1}.Release|Any CPU.Build.0 = Release|Any CPU
	EndGlobalSection
	GlobalSection(SolutionProperties) = preSolution
		HideSolutionNode = FALSE
	EndGlobalSection
	GlobalSection(NestedProjects) = preSolution
		{CA60A421-31CF-4AFA-A64B-5620513EADC5} = {415F849C-B8F4-4A5F-8356-B00D863BFD60}
		{5BD9E6F5-C8AA-4DC9-80C8-A084E76CD3EB} = {415F849C-B8F4-4A5F-8356-B00D863BFD60}
		{25A075AB-15FC-49B9-9FD9-D8AAE2A598FB} = {5CD22D2F-40AA-4718-92A3-9CCEF3A163BF}
		{029B98F4-A2C7-490D-8FFE-76540C827EA5} = {415F849C-B8F4-4A5F-8356-B00D863BFD60}
		{3F0F4F12-4411-4450-8E1A-FCA022D48A92} = {415F849C-B8F4-4A5F-8356-B00D863BFD60}
		{ABD265AD-4071-4114-93C4-3C9F2BB69009} = {5CD22D2F-40AA-4718-92A3-9CCEF3A163BF}
		{92FFCBB2-FE61-4BB2-B42A-569C55D460B8} = {5CD22D2F-40AA-4718-92A3-9CCEF3A163BF}
		{5CD22D2F-40AA-4718-92A3-9CCEF3A163BF} = {BB9A2BE7-30A7-438B-A5B6-2EFEA808299F}
		{415F849C-B8F4-4A5F-8356-B00D863BFD60} = {BB9A2BE7-30A7-438B-A5B6-2EFEA808299F}
		{8D74E0D6-D218-4D9A-BC00-8CC20B3F55C8} = {415F849C-B8F4-4A5F-8356-B00D863BFD60}
		{BF9CC1E1-92A7-405A-9AAF-DB71D6C03B3D} = {5CD22D2F-40AA-4718-92A3-9CCEF3A163BF}
		{7F3DDF92-8CF4-4AB8-927A-3F5E881DC096} = {4F8A9684-D55D-42DD-8355-533CE4AB56F4}
		{9EDCDC3E-562A-402A-A418-C1194CCCD6BE} = {4F8A9684-D55D-42DD-8355-533CE4AB56F4}
		{4F8A9684-D55D-42DD-8355-533CE4AB56F4} = {BB9A2BE7-30A7-438B-A5B6-2EFEA808299F}
		{047857BA-DAA3-4CA7-AFB8-A1B082B28C6A} = {F8979F47-BB0D-496B-8830-494EA278FA0B}
		{F27A289E-3376-4653-89F3-D19C1ECABF33} = {F8979F47-BB0D-496B-8830-494EA278FA0B}
		{242D0738-AA4C-4C9C-A218-891A8F55559C} = {F8979F47-BB0D-496B-8830-494EA278FA0B}
		{C98A6CD6-9422-4B35-8B7A-F520D75534D1} = {F8979F47-BB0D-496B-8830-494EA278FA0B}
	EndGlobalSection
	GlobalSection(ExtensibilityGlobals) = postSolution
		SolutionGuid = {96768FCA-D0BA-47A5-AB37-CB1CA88C53AA}
	EndGlobalSection
EndGlobal
